<?xml version="1.0" encoding="utf-8"?>
<Project ToolsVersion="4.0" xmlns="http://schemas.microsoft.com/developer/msbuild/2003">
  <ItemGroup>
    <Filter Include="CIEngine">
      <UniqueIdentifier>{07173EED-F3E3-98F8-1CFD-86A00829CE86}</UniqueIdentifier>
    </Filter>
    <Filter Include="CIEngine\Events">
      <UniqueIdentifier>{0BB5E006-7740-4ECB-8051-D1BFEC5BAACB}</UniqueIdentifier>
    </Filter>
  </ItemGroup>
  <ItemGroup>
    <ClInclude Include="src\CIEngine.h" />
    <ClInclude Include="src\CIEngine\Core\Application.h">
      <Filter>CIEngine</Filter>
    </ClInclude>
    <ClInclude Include="src\CIEngine\Core\Core.h">
      <Filter>CIEngine</Filter>
    </ClInclude>
    <ClInclude Include="src\CIEngine\Core\EntryPoint.h">
      <Filter>CIEngine</Filter>
    </ClInclude>
    <ClInclude Include="src\CIEngine\Events\ApplicationEvent.h">
      <Filter>CIEngine\Events</Filter>
    </ClInclude>
    <ClInclude Include="src\CIEngine\Events\Event.h">
      <Filter>CIEngine\Events</Filter>
    </ClInclude>
    <ClInclude Include="src\CIEngine\Events\KeyEvent.h">
      <Filter>CIEngine\Events</Filter>
    </ClInclude>
    <ClInclude Include="src\CIEngine\Events\MouseEvent.h">
      <Filter>CIEngine\Events</Filter>
    </ClInclude>
    <ClInclude Include="src\CIEngine\Core\Log.h">
      <Filter>CIEngine</Filter>
    </ClInclude>
  </ItemGroup>
  <ItemGroup>
    <ClCompile Include="src\CIEngine\Core\Application.cpp">
      <Filter>CIEngine</Filter>
    </ClCompile>
    <ClCompile Include="src\CIEngine\Core\Log.cpp">
      <Filter>CIEngine</Filter>
    </ClCompile>
  </ItemGroup>
</Project>